
Microsoft Visual Studio Solution File, Format Version 12.00
# Visual Studio Version 17
VisualStudioVersion = 17.3.32819.101
MinimumVisualStudioVersion = 10.0.40219.1
Project("{FAE04EC0-301F-11D3-BF4B-00C04F79EFBC}") = "Uppgift 6.4", "Uppgift 6.4\Uppgift 6.4.csproj", "{0075D6DA-929A-4D5E-9173-8792BAD23751}"
EndProject
Global
	GlobalSection(SolutionConfigurationPlatforms) = preSolution
		Debug|Any CPU = Debug|Any CPU
		Release|Any CPU = Release|Any CPU
	EndGlobalSection
	GlobalSection(ProjectConfigurationPlatforms) = postSolution
		{0075D6DA-929A-4D5E-9173-8792BAD23751}.Debug|Any CPU.ActiveCfg = Debug|Any CPU
		{0075D6DA-929A-4D5E-9173-8792BAD23751}.Debug|Any CPU.Build.0 = Debug|Any CPU
		{0075D6DA-929A-4D5E-9173-8792BAD23751}.Release|Any CPU.ActiveCfg = Release|Any CPU
		{0075D6DA-929A-4D5E-9173-8792BAD23751}.Release|Any CPU.Build.0 = Release|Any CPU
	EndGlobalSection
	GlobalSection(SolutionProperties) = preSolution
		HideSolutionNode = FALSE
	EndGlobalSection
	GlobalSection(ExtensibilityGlobals) = postSolution
		SolutionGuid = {CCABCEFA-D2C6-4EB6-875E-55A6D6F8537A}
	EndGlobalSection
EndGlobal
